
Microsoft Visual Studio Solution File, Format Version 12.00
# Visual Studio Version 17
VisualStudioVersion = 17.10.34928.147
MinimumVisualStudioVersion = 10.0.40219.1
Project("{FAE04EC0-301F-11D3-BF4B-00C04F79EFBC}") = "FilmesApi", "FilmesApi\FilmesApi.csproj", "{58BD7B5C-9A85-4B0C-A078-962D9E454A73}"
EndProject
Global
	GlobalSection(SolutionConfigurationPlatforms) = preSolution
		Debug|Any CPU = Debug|Any CPU
		Release|Any CPU = Release|Any CPU
	EndGlobalSection
	GlobalSection(ProjectConfigurationPlatforms) = postSolution
		{58BD7B5C-9A85-4B0C-A078-962D9E454A73}.Debug|Any CPU.ActiveCfg = Debug|Any CPU
		{58BD7B5C-9A85-4B0C-A078-962D9E454A73}.Debug|Any CPU.Build.0 = Debug|Any CPU
		{58BD7B5C-9A85-4B0C-A078-962D9E454A73}.Release|Any CPU.ActiveCfg = Release|Any CPU
		{58BD7B5C-9A85-4B0C-A078-962D9E454A73}.Release|Any CPU.Build.0 = Release|Any CPU
	EndGlobalSection
	GlobalSection(SolutionProperties) = preSolution
		HideSolutionNode = FALSE
	EndGlobalSection
	GlobalSection(ExtensibilityGlobals) = postSolution
		SolutionGuid = {7C7491F0-BF2B-44D8-BB70-DECC906C54C8}
	EndGlobalSection
EndGlobal
